// !$*UTF8*$!
{
	archiveVersion = 1;
	classes = {
	};
	objectVersion = 50;
	objects = {

/* Begin PBXBuildFile section */
		197113EE233F079B0022079E /* GPUImage.framework in Frameworks */ = {isa = PBXBuildFile; fileRef = 197113E8233F07700022079E /* GPUImage.framework */; };
		197113F0233F07C80022079E /* GPUImage.framework in CopyFiles */ = {isa = PBXBuildFile; fileRef = 197113E8233F07700022079E /* GPUImage.framework */; settings = {ATTRIBUTES = (CodeSignOnCopy, RemoveHeadersOnCopy, ); }; };
		197113F3233F096A0022079E /* GPUController.swift in Sources */ = {isa = PBXBuildFile; fileRef = 197113F2233F096A0022079E /* GPUController.swift */; };
		197113F6233F09FD0022079E /* Config.swift in Sources */ = {isa = PBXBuildFile; fileRef = 197113F5233F09FD0022079E /* Config.swift */; };
		197113F8233F0A9E0022079E /* 001.jpeg in Resources */ = {isa = PBXBuildFile; fileRef = 197113F7233F0A9E0022079E /* 001.jpeg */; };
		19B3A625233C82FC000F01B3 /* AppDelegate.swift in Sources */ = {isa = PBXBuildFile; fileRef = 19B3A624233C82FC000F01B3 /* AppDelegate.swift */; };
		19B3A627233C82FC000F01B3 /* ViewController.swift in Sources */ = {isa = PBXBuildFile; fileRef = 19B3A626233C82FC000F01B3 /* ViewController.swift */; };
		19B3A62A233C82FC000F01B3 /* Main.storyboard in Resources */ = {isa = PBXBuildFile; fileRef = 19B3A628233C82FC000F01B3 /* Main.storyboard */; };
		19B3A62C233C82FE000F01B3 /* Assets.xcassets in Resources */ = {isa = PBXBuildFile; fileRef = 19B3A62B233C82FE000F01B3 /* Assets.xcassets */; };
		19B3A62F233C82FE000F01B3 /* LaunchScreen.storyboard in Resources */ = {isa = PBXBuildFile; fileRef = 19B3A62D233C82FE000F01B3 /* LaunchScreen.storyboard */; };
/* End PBXBuildFile section */

/* Begin PBXContainerItemProxy section */
		197113E3233F07700022079E /* PBXContainerItemProxy */ = {
			isa = PBXContainerItemProxy;
			containerPortal = 197113DC233F07700022079E /* GPUImage.xcodeproj */;
			proxyType = 2;
			remoteGlobalIDString = BC6E7CAB1C39A9D8006DF678;
			remoteInfo = GPUImage_macOS;
		};
		197113E5233F07700022079E /* PBXContainerItemProxy */ = {
			isa = PBXContainerItemProxy;
			containerPortal = 197113DC233F07700022079E /* GPUImage.xcodeproj */;
			proxyType = 2;
			remoteGlobalIDString = BC6E7CB51C39A9D8006DF678;
			remoteInfo = GPUImageTests_macOS;
		};
		197113E7233F07700022079E /* PBXContainerItemProxy */ = {
			isa = PBXContainerItemProxy;
			containerPortal = 197113DC233F07700022079E /* GPUImage.xcodeproj */;
			proxyType = 2;
			remoteGlobalIDString = BC9E34E91E524A2200B8604F;
			remoteInfo = GPUImage_iOS;
		};
		197113E9233F07700022079E /* PBXContainerItemProxy */ = {
			isa = PBXContainerItemProxy;
			containerPortal = 197113DC233F07700022079E /* GPUImage.xcodeproj */;
			proxyType = 2;
			remoteGlobalIDString = BC9E34F11E524A2200B8604F;
			remoteInfo = GPUImageTests_iOS;
		};
		197113EB233F07850022079E /* PBXContainerItemProxy */ = {
			isa = PBXContainerItemProxy;
			containerPortal = 197113DC233F07700022079E /* GPUImage.xcodeproj */;
			proxyType = 1;
			remoteGlobalIDString = BC9E34E81E524A2200B8604F;
			remoteInfo = GPUImage_iOS;
		};
/* End PBXContainerItemProxy section */

/* Begin PBXCopyFilesBuildPhase section */
		197113EF233F07AE0022079E /* CopyFiles */ = {
			isa = PBXCopyFilesBuildPhase;
			buildActionMask = 2147483647;
			dstPath = "";
			dstSubfolderSpec = 10;
			files = (
				197113F0233F07C80022079E /* GPUImage.framework in CopyFiles */,
			);
			runOnlyForDeploymentPostprocessing = 0;
		};
/* End PBXCopyFilesBuildPhase section */

/* Begin PBXFileReference section */
		197113DC233F07700022079E /* GPUImage.xcodeproj */ = {isa = PBXFileReference; lastKnownFileType = "wrapper.pb-project"; path = GPUImage.xcodeproj; sourceTree = "<group>"; };
		197113F2233F096A0022079E /* GPUController.swift */ = {isa = PBXFileReference; lastKnownFileType = sourcecode.swift; path = GPUController.swift; sourceTree = "<group>"; };
		197113F5233F09FD0022079E /* Config.swift */ = {isa = PBXFileReference; lastKnownFileType = sourcecode.swift; path = Config.swift; sourceTree = "<group>"; };
		197113F7233F0A9E0022079E /* 001.jpeg */ = {isa = PBXFileReference; lastKnownFileType = image.jpeg; path = 001.jpeg; sourceTree = "<group>"; };
		19B3A621233C82FC000F01B3 /* GPUImageDemo.app */ = {isa = PBXFileReference; explicitFileType = wrapper.application; includeInIndex = 0; path = GPUImageDemo.app; sourceTree = BUILT_PRODUCTS_DIR; };
		19B3A624233C82FC000F01B3 /* AppDelegate.swift */ = {isa = PBXFileReference; lastKnownFileType = sourcecode.swift; path = AppDelegate.swift; sourceTree = "<group>"; };
		19B3A626233C82FC000F01B3 /* ViewController.swift */ = {isa = PBXFileReference; lastKnownFileType = sourcecode.swift; path = ViewController.swift; sourceTree = "<group>"; };
		19B3A629233C82FC000F01B3 /* Base */ = {isa = PBXFileReference; lastKnownFileType = file.storyboard; name = Base; path = Base.lproj/Main.storyboard; sourceTree = "<group>"; };
		19B3A62B233C82FE000F01B3 /* Assets.xcassets */ = {isa = PBXFileReference; lastKnownFileType = folder.assetcatalog; path = Assets.xcassets; sourceTree = "<group>"; };
		19B3A62E233C82FE000F01B3 /* Base */ = {isa = PBXFileReference; lastKnownFileType = file.storyboard; name = Base; path = Base.lproj/LaunchScreen.storyboard; sourceTree = "<group>"; };
		19B3A630233C82FE000F01B3 /* Info.plist */ = {isa = PBXFileReference; lastKnownFileType = text.plist.xml; path = Info.plist; sourceTree = "<group>"; };
/* End PBXFileReference section */

/* Begin PBXFrameworksBuildPhase section */
		19B3A61E233C82FC000F01B3 /* Frameworks */ = {
			isa = PBXFrameworksBuildPhase;
			buildActionMask = 2147483647;
			files = (
				197113EE233F079B0022079E /* GPUImage.framework in Frameworks */,
			);
			runOnlyForDeploymentPostprocessing = 0;
		};
/* End PBXFrameworksBuildPhase section */

/* Begin PBXGroup section */
		197113DD233F07700022079E /* Products */ = {
			isa = PBXGroup;
			children = (
				197113E4233F07700022079E /* GPUImage.framework */,
				197113E6233F07700022079E /* GPUImageTests_macOS.xctest */,
				197113E8233F07700022079E /* GPUImage.framework */,
				197113EA233F07700022079E /* GPUImageTests_iOS.xctest */,
			);
			name = Products;
			sourceTree = "<group>";
		};
		197113ED233F079B0022079E /* Frameworks */ = {
			isa = PBXGroup;
			children = (
			);
			name = Frameworks;
			sourceTree = "<group>";
		};
		197113F1233F09400022079E /* Main */ = {
			isa = PBXGroup;
			children = (
				197113F2233F096A0022079E /* GPUController.swift */,
			);
			path = Main;
			sourceTree = "<group>";
		};
		197113F4233F09E70022079E /* Config */ = {
			isa = PBXGroup;
			children = (
				197113F5233F09FD0022079E /* Config.swift */,
			);
			path = Config;
			sourceTree = "<group>";
		};
		19B3A618233C82FC000F01B3 = {
			isa = PBXGroup;
			children = (
				19B3A623233C82FC000F01B3 /* GPUImageDemo */,
				19B3A622233C82FC000F01B3 /* Products */,
				197113ED233F079B0022079E /* Frameworks */,
			);
			sourceTree = "<group>";
		};
		19B3A622233C82FC000F01B3 /* Products */ = {
			isa = PBXGroup;
			children = (
				19B3A621233C82FC000F01B3 /* GPUImageDemo.app */,
			);
			name = Products;
			sourceTree = "<group>";
		};
		19B3A623233C82FC000F01B3 /* GPUImageDemo */ = {
			isa = PBXGroup;
			children = (
				197113F4233F09E70022079E /* Config */,
				197113F1233F09400022079E /* Main */,
				197113DC233F07700022079E /* GPUImage.xcodeproj */,
				19B3A624233C82FC000F01B3 /* AppDelegate.swift */,
				19B3A626233C82FC000F01B3 /* ViewController.swift */,
				19B3A628233C82FC000F01B3 /* Main.storyboard */,
				19B3A62B233C82FE000F01B3 /* Assets.xcassets */,
				197113F7233F0A9E0022079E /* 001.jpeg */,
				19B3A62D233C82FE000F01B3 /* LaunchScreen.storyboard */,
				19B3A630233C82FE000F01B3 /* Info.plist */,
			);
			path = GPUImageDemo;
			sourceTree = "<group>";
		};
/* End PBXGroup section */

/* Begin PBXNativeTarget section */
		19B3A620233C82FC000F01B3 /* GPUImageDemo */ = {
			isa = PBXNativeTarget;
			buildConfigurationList = 19B3A633233C82FE000F01B3 /* Build configuration list for PBXNativeTarget "GPUImageDemo" */;
			buildPhases = (
				19B3A61D233C82FC000F01B3 /* Sources */,
				19B3A61E233C82FC000F01B3 /* Frameworks */,
				19B3A61F233C82FC000F01B3 /* Resources */,
				197113EF233F07AE0022079E /* CopyFiles */,
			);
			buildRules = (
			);
			dependencies = (
				197113EC233F07850022079E /* PBXTargetDependency */,
			);
			name = GPUImageDemo;
			productName = GPUImageDemo;
			productReference = 19B3A621233C82FC000F01B3 /* GPUImageDemo.app */;
			productType = "com.apple.product-type.application";
		};
/* End PBXNativeTarget section */

/* Begin PBXProject section */
		19B3A619233C82FC000F01B3 /* Project object */ = {
			isa = PBXProject;
			attributes = {
				LastSwiftUpdateCheck = 1020;
				LastUpgradeCheck = 1020;
				ORGANIZATIONNAME = "冯才凡";
				TargetAttributes = {
					19B3A620233C82FC000F01B3 = {
						CreatedOnToolsVersion = 10.2.1;
					};
				};
			};
			buildConfigurationList = 19B3A61C233C82FC000F01B3 /* Build configuration list for PBXProject "GPUImageDemo" */;
			compatibilityVersion = "Xcode 9.3";
			developmentRegion = en;
			hasScannedForEncodings = 0;
			knownRegions = (
				en,
				Base,
			);
			mainGroup = 19B3A618233C82FC000F01B3;
			productRefGroup = 19B3A622233C82FC000F01B3 /* Products */;
			projectDirPath = "";
			projectReferences = (
				{
					ProductGroup = 197113DD233F07700022079E /* Products */;
					ProjectRef = 197113DC233F07700022079E /* GPUImage.xcodeproj */;
				},
			);
			projectRoot = "";
			targets = (
				19B3A620233C82FC000F01B3 /* GPUImageDemo */,
			);
		};
/* End PBXProject section */

/* Begin PBXReferenceProxy section */
		197113E4233F07700022079E /* GPUImage.framework */ = {
			isa = PBXReferenceProxy;
			fileType = wrapper.framework;
			path = GPUImage.framework;
			remoteRef = 197113E3233F07700022079E /* PBXContainerItemProxy */;
			sourceTree = BUILT_PRODUCTS_DIR;
		};
		197113E6233F07700022079E /* GPUImageTests_macOS.xctest */ = {
			isa = PBXReferenceProxy;
			fileType = wrapper.cfbundle;
			path = GPUImageTests_macOS.xctest;
			remoteRef = 197113E5233F07700022079E /* PBXContainerItemProxy */;
			sourceTree = BUILT_PRODUCTS_DIR;
		};
		197113E8233F07700022079E /* GPUImage.framework */ = {
			isa = PBXReferenceProxy;
			fileType = wrapper.framework;
			path = GPUImage.framework;
			remoteRef = 197113E7233F07700022079E /* PBXContainerItemProxy */;
			sourceTree = BUILT_PRODUCTS_DIR;
		};
		197113EA233F07700022079E /* GPUImageTests_iOS.xctest */ = {
			isa = PBXReferenceProxy;
			fileType = wrapper.cfbundle;
			path = GPUImageTests_iOS.xctest;
			remoteRef = 197113E9233F07700022079E /* PBXContainerItemProxy */;
			sourceTree = BUILT_PRODUCTS_DIR;
		};
/* End PBXReferenceProxy section */

/* Begin PBXResourcesBuildPhase section */
		19B3A61F233C82FC000F01B3 /* Resources */ = {
			isa = PBXResourcesBuildPhase;
			buildActionMask = 2147483647;
			files = (
				19B3A62F233C82FE000F01B3 /* LaunchScreen.storyboard in Resources */,
				197113F8233F0A9E0022079E /* 001.jpeg in Resources */,
				19B3A62C233C82FE000F01B3 /* Assets.xcassets in Resources */,
				19B3A62A233C82FC000F01B3 /* Main.storyboard in Resources */,
			);
			runOnlyForDeploymentPostprocessing = 0;
		};
/* End PBXResourcesBuildPhase section */

/* Begin PBXSourcesBuildPhase section */
		19B3A61D233C82FC000F01B3 /* Sources */ = {
			isa = PBXSourcesBuildPhase;
			buildActionMask = 2147483647;
			files = (
				197113F3233F096A0022079E /* GPUController.swift in Sources */,
				197113F6233F09FD0022079E /* Config.swift in Sources */,
				19B3A627233C82FC000F01B3 /* ViewController.swift in Sources */,
				19B3A625233C82FC000F01B3 /* AppDelegate.swift in Sources */,
			);
			runOnlyForDeploymentPostprocessing = 0;
		};
/* End PBXSourcesBuildPhase section */

/* Begin PBXTargetDependency section */
		197113EC233F07850022079E /* PBXTargetDependency */ = {
			isa = PBXTargetDependency;
			name = GPUImage_iOS;
			targetProxy = 197113EB233F07850022079E /* PBXContainerItemProxy */;
		};
/* End PBXTargetDependency section */

/* Begin PBXVariantGroup section */
		19B3A628233C82FC000F01B3 /* Main.storyboard */ = {
			isa = PBXVariantGroup;
			children = (
				19B3A629233C82FC000F01B3 /* Base */,
			);
			name = Main.storyboard;
			sourceTree = "<group>";
		};
		19B3A62D233C82FE000F01B3 /* LaunchScreen.storyboard */ = {
			isa = PBXVariantGroup;
			children = (
				19B3A62E233C82FE000F01B3 /* Base */,
			);
			name = LaunchScreen.storyboard;
			sourceTree = "<group>";
		};
/* End PBXVariantGroup section */

/* Begin XCBuildConfiguration section */
		19B3A631233C82FE000F01B3 /* Debug */ = {
			isa = XCBuildConfiguration;
			buildSettings = {
				ALWAYS_SEARCH_USER_PATHS = NO;
				CLANG_ANALYZER_NONNULL = YES;
				CLANG_ANALYZER_NUMBER_OBJECT_CONVERSION = YES_AGGRESSIVE;
				CLANG_CXX_LANGUAGE_STANDARD = "gnu++14";
				CLANG_CXX_LIBRARY = "libc++";
				CLANG_ENABLE_MODULES = YES;
				CLANG_ENABLE_OBJC_ARC = YES;
				CLANG_ENABLE_OBJC_WEAK = YES;
				CLANG_WARN_BLOCK_CAPTURE_AUTORELEASING = YES;
				CLANG_WARN_BOOL_CONVERSION = YES;
				CLANG_WARN_COMMA = YES;
				CLANG_WARN_CONSTANT_CONVERSION = YES;
				CLANG_WARN_DEPRECATED_OBJC_IMPLEMENTATIONS = YES;
				CLANG_WARN_DIRECT_OBJC_ISA_USAGE = YES_ERROR;
				CLANG_WARN_DOCUMENTATION_COMMENTS = YES;
				CLANG_WARN_EMPTY_BODY = YES;
				CLANG_WARN_ENUM_CONVERSION = YES;
				CLANG_WARN_INFINITE_RECURSION = YES;
				CLANG_WARN_INT_CONVERSION = YES;
				CLANG_WARN_NON_LITERAL_NULL_CONVERSION = YES;
				CLANG_WARN_OBJC_IMPLICIT_RETAIN_SELF = YES;
				CLANG_WARN_OBJC_LITERAL_CONVERSION = YES;
				CLANG_WARN_OBJC_ROOT_CLASS = YES_ERROR;
				CLANG_WARN_RANGE_LOOP_ANALYSIS = YES;
				CLANG_WARN_STRICT_PROTOTYPES = YES;
				CLANG_WARN_SUSPICIOUS_MOVE = YES;
				CLANG_WARN_UNGUARDED_AVAILABILITY = YES_AGGRESSIVE;
				CLANG_WARN_UNREACHABLE_CODE = YES;
				CLANG_WARN__DUPLICATE_METHOD_MATCH = YES;
				CODE_SIGN_IDENTITY = "iPhone Developer";
				COPY_PHASE_STRIP = NO;
				DEBUG_INFORMATION_FORMAT = dwarf;
				ENABLE_STRICT_OBJC_MSGSEND = YES;
				ENABLE_TESTABILITY = YES;
				GCC_C_LANGUAGE_STANDARD = gnu11;
				GCC_DYNAMIC_NO_PIC = NO;
				GCC_NO_COMMON_BLOCKS = YES;
				GCC_OPTIMIZATION_LEVEL = 0;
				GCC_PREPROCESSOR_DEFINITIONS = (
					"DEBUG=1",
					"$(inherited)",
				);
				GCC_WARN_64_TO_32_BIT_CONVERSION = YES;
				GCC_WARN_ABOUT_RETURN_TYPE = YES_ERROR;
				GCC_WARN_UNDECLARED_SELECTOR = YES;
				GCC_WARN_UNINITIALIZED_AUTOS = YES_AGGRESSIVE;
				GCC_WARN_UNUSED_FUNCTION = YES;
				GCC_WARN_UNUSED_VARIABLE = YES;
				IPHONEOS_DEPLOYMENT_TARGET = 12.2;
				MTL_ENABLE_DEBUG_INFO = INCLUDE_SOURCE;
				MTL_FAST_MATH = YES;
				ONLY_ACTIVE_ARCH = YES;
				SDKROOT = iphoneos;
				SWIFT_ACTIVE_COMPILATION_CONDITIONS = DEBUG;
				SWIFT_OPTIMIZATION_LEVEL = "-Onone";
			};
			name = Debug;
		};
		19B3A632233C82FE000F01B3 /* Release */ = {
			isa = XCBuildConfiguration;
			buildSettings = {
				ALWAYS_SEARCH_USER_PATHS = NO;
				CLANG_ANALYZER_NONNULL = YES;
				CLANG_ANALYZER_NUMBER_OBJECT_CONVERSION = YES_AGGRESSIVE;
				CLANG_CXX_LANGUAGE_STANDARD = "gnu++14";
				CLANG_CXX_LIBRARY = "libc++";
				CLANG_ENABLE_MODULES = YES;
				CLANG_ENABLE_OBJC_ARC = YES;
				CLANG_ENABLE_OBJC_WEAK = YES;
				CLANG_WARN_BLOCK_CAPTURE_AUTORELEASING = YES;
				CLANG_WARN_BOOL_CONVERSION = YES;
				CLANG_WARN_COMMA = YES;
				CLANG_WARN_CONSTANT_CONVERSION = YES;
				CLANG_WARN_DEPRECATED_OBJC_IMPLEMENTATIONS = YES;
				CLANG_WARN_DIRECT_OBJC_ISA_USAGE = YES_ERROR;
				CLANG_WARN_DOCUMENTATION_COMMENTS = YES;
				CLANG_WARN_EMPTY_BODY = YES;
				CLANG_WARN_ENUM_CONVERSION = YES;
				CLANG_WARN_INFINITE_RECURSION = YES;
				CLANG_WARN_INT_CONVERSION = YES;
				CLANG_WARN_NON_LITERAL_NULL_CONVERSION = YES;
				CLANG_WARN_OBJC_IMPLICIT_RETAIN_SELF = YES;
				CLANG_WARN_OBJC_LITERAL_CONVERSION = YES;
				CLANG_WARN_OBJC_ROOT_CLASS = YES_ERROR;
				CLANG_WARN_RANGE_LOOP_ANALYSIS = YES;
				CLANG_WARN_STRICT_PROTOTYPES = YES;
				CLANG_WARN_SUSPICIOUS_MOVE = YES;
				CLANG_WARN_UNGUARDED_AVAILABILITY = YES_AGGRESSIVE;
				CLANG_WARN_UNREACHABLE_CODE = YES;
				CLANG_WARN__DUPLICATE_METHOD_MATCH = YES;
				CODE_SIGN_IDENTITY = "iPhone Developer";
				COPY_PHASE_STRIP = NO;
				DEBUG_INFORMATION_FORMAT = "dwarf-with-dsym";
				ENABLE_NS_ASSERTIONS = NO;
				ENABLE_STRICT_OBJC_MSGSEND = YES;
				GCC_C_LANGUAGE_STANDARD = gnu11;
				GCC_NO_COMMON_BLOCKS = YES;
				GCC_WARN_64_TO_32_BIT_CONVERSION = YES;
				GCC_WARN_ABOUT_RETURN_TYPE = YES_ERROR;
				GCC_WARN_UNDECLARED_SELECTOR = YES;
				GCC_WARN_UNINITIALIZED_AUTOS = YES_AGGRESSIVE;
				GCC_WARN_UNUSED_FUNCTION = YES;
				GCC_WARN_UNUSED_VARIABLE = YES;
				IPHONEOS_DEPLOYMENT_TARGET = 12.2;
				MTL_ENABLE_DEBUG_INFO = NO;
				MTL_FAST_MATH = YES;
				SDKROOT = iphoneos;
				SWIFT_COMPILATION_MODE = wholemodule;
				SWIFT_OPTIMIZATION_LEVEL = "-O";
				VALIDATE_PRODUCT = YES;
			};
			name = Release;
		};
		19B3A634233C82FE000F01B3 /* Debug */ = {
			isa = XCBuildConfiguration;
			buildSettings = {
				ASSETCATALOG_COMPILER_APPICON_NAME = AppIcon;
				CODE_SIGN_STYLE = Automatic;
				INFOPLIST_FILE = GPUImageDemo/Info.plist;
				LD_RUNPATH_SEARCH_PATHS = (
					"$(inherited)",
					"@executable_path/Frameworks",
				);
				PRODUCT_BUNDLE_IDENTIFIER = com.fcf.MoyaTest.GPUImageDemo;
				PRODUCT_NAME = "$(TARGET_NAME)";
				SWIFT_VERSION = 5.0;
				TARGETED_DEVICE_FAMILY = "1,2";
			};
			name = Debug;
		};
		19B3A635233C82FE000F01B3 /* Release */ = {
			isa = XCBuildConfiguration;
			buildSettings = {
				ASSETCATALOG_COMPILER_APPICON_NAME = AppIcon;
				CODE_SIGN_STYLE = Automatic;
				INFOPLIST_FILE = GPUImageDemo/Info.plist;
				LD_RUNPATH_SEARCH_PATHS = (
					"$(inherited)",
					"@executable_path/Frameworks",
				);
				PRODUCT_BUNDLE_IDENTIFIER = com.fcf.MoyaTest.GPUImageDemo;
				PRODUCT_NAME = "$(TARGET_NAME)";
				SWIFT_VERSION = 5.0;
				TARGETED_DEVICE_FAMILY = "1,2";
			};
			name = Release;
		};
/* End XCBuildConfiguration section */

/* Begin XCConfigurationList section */
		19B3A61C233C82FC000F01B3 /* Build configuration list for PBXProject "GPUImageDemo" */ = {
			isa = XCConfigurationList;
			buildConfigurations = (
				19B3A631233C82FE000F01B3 /* Debug */,
				19B3A632233C82FE000F01B3 /* Release */,
			);
			defaultConfigurationIsVisible = 0;
			defaultConfigurationName = Release;
		};
		19B3A633233C82FE000F01B3 /* Build configuration list for PBXNativeTarget "GPUImageDemo" */ = {
			isa = XCConfigurationList;
			buildConfigurations = (
				19B3A634233C82FE000F01B3 /* Debug */,
				19B3A635233C82FE000F01B3 /* Release */,
			);
			defaultConfigurationIsVisible = 0;
			defaultConfigurationName = Release;
		};
/* End XCConfigurationList section */
	};
	rootObject = 19B3A619233C82FC000F01B3 /* Project object */;
}
