// !$*UTF8*$!
{
	archiveVersion = 1;
	classes = {
	};
	objectVersion = 55;
	objects = {

/* Begin PBXBuildFile section */
		31BF0D0B283C528C0023123B /* main.cpp in Sources */ = {isa = PBXBuildFile; fileRef = 31BF0D0A283C528C0023123B /* main.cpp */; };
		31BF0D13283C52DC0023123B /* OpenGL.framework in Frameworks */ = {isa = PBXBuildFile; fileRef = 31BF0D12283C52DC0023123B /* OpenGL.framework */; };
		31BF0D15283C52E80023123B /* libglfw.3.3.dylib in Frameworks */ = {isa = PBXBuildFile; fileRef = 31BF0D14283C52E80023123B /* libglfw.3.3.dylib */; };
		31BF0D17283C53260023123B /* glad.c in Sources */ = {isa = PBXBuildFile; fileRef = 31BF0D16283C53260023123B /* glad.c */; };
/* End PBXBuildFile section */

/* Begin PBXCopyFilesBuildPhase section */
		31BF0D05283C528C0023123B /* CopyFiles */ = {
			isa = PBXCopyFilesBuildPhase;
			buildActionMask = 2147483647;
			dstPath = /usr/share/man/man1/;
			dstSubfolderSpec = 0;
			files = (
			);
			runOnlyForDeploymentPostprocessing = 1;
		};
/* End PBXCopyFilesBuildPhase section */

/* Begin PBXFileReference section */
		31BF0D07283C528C0023123B /* 9着色器(GLSL输入颜色) */ = {isa = PBXFileReference; explicitFileType = "compiled.mach-o.executable"; includeInIndex = 0; path = "9着色器(GLSL输入颜色)"; sourceTree = BUILT_PRODUCTS_DIR; };
		31BF0D0A283C528C0023123B /* main.cpp */ = {isa = PBXFileReference; lastKnownFileType = sourcecode.cpp.cpp; path = main.cpp; sourceTree = "<group>"; };
		31BF0D12283C52DC0023123B /* OpenGL.framework */ = {isa = PBXFileReference; lastKnownFileType = wrapper.framework; name = OpenGL.framework; path = System/Library/Frameworks/OpenGL.framework; sourceTree = SDKROOT; };
		31BF0D14283C52E80023123B /* libglfw.3.3.dylib */ = {isa = PBXFileReference; lastKnownFileType = "compiled.mach-o.dylib"; name = libglfw.3.3.dylib; path = ../../../../../../../../../usr/local/Cellar/glfw/3.3.4/lib/libglfw.3.3.dylib; sourceTree = "<group>"; };
		31BF0D16283C53260023123B /* glad.c */ = {isa = PBXFileReference; fileEncoding = 4; lastKnownFileType = sourcecode.c.c; path = glad.c; sourceTree = "<group>"; };
/* End PBXFileReference section */

/* Begin PBXFrameworksBuildPhase section */
		31BF0D04283C528C0023123B /* Frameworks */ = {
			isa = PBXFrameworksBuildPhase;
			buildActionMask = 2147483647;
			files = (
				31BF0D15283C52E80023123B /* libglfw.3.3.dylib in Frameworks */,
				31BF0D13283C52DC0023123B /* OpenGL.framework in Frameworks */,
			);
			runOnlyForDeploymentPostprocessing = 0;
		};
/* End PBXFrameworksBuildPhase section */

/* Begin PBXGroup section */
		31BF0CFE283C528C0023123B = {
			isa = PBXGroup;
			children = (
				31BF0D09283C528C0023123B /* 9着色器(GLSL输入颜色) */,
				31BF0D08283C528C0023123B /* Products */,
				31BF0D11283C52DB0023123B /* Frameworks */,
			);
			sourceTree = "<group>";
		};
		31BF0D08283C528C0023123B /* Products */ = {
			isa = PBXGroup;
			children = (
				31BF0D07283C528C0023123B /* 9着色器(GLSL输入颜色) */,
			);
			name = Products;
			sourceTree = "<group>";
		};
		31BF0D09283C528C0023123B /* 9着色器(GLSL输入颜色) */ = {
			isa = PBXGroup;
			children = (
				31BF0D16283C53260023123B /* glad.c */,
				31BF0D0A283C528C0023123B /* main.cpp */,
			);
			path = "9着色器(GLSL输入颜色)";
			sourceTree = "<group>";
		};
		31BF0D11283C52DB0023123B /* Frameworks */ = {
			isa = PBXGroup;
			children = (
				31BF0D14283C52E80023123B /* libglfw.3.3.dylib */,
				31BF0D12283C52DC0023123B /* OpenGL.framework */,
			);
			name = Frameworks;
			sourceTree = "<group>";
		};
/* End PBXGroup section */

/* Begin PBXNativeTarget section */
		31BF0D06283C528C0023123B /* 9着色器(GLSL输入颜色) */ = {
			isa = PBXNativeTarget;
			buildConfigurationList = 31BF0D0E283C528C0023123B /* Build configuration list for PBXNativeTarget "9着色器(GLSL输入颜色)" */;
			buildPhases = (
				31BF0D03283C528C0023123B /* Sources */,
				31BF0D04283C528C0023123B /* Frameworks */,
				31BF0D05283C528C0023123B /* CopyFiles */,
			);
			buildRules = (
			);
			dependencies = (
			);
			name = "9着色器(GLSL输入颜色)";
			productName = "9着色器(GLSL输入颜色)";
			productReference = 31BF0D07283C528C0023123B /* 9着色器(GLSL输入颜色) */;
			productType = "com.apple.product-type.tool";
		};
/* End PBXNativeTarget section */

/* Begin PBXProject section */
		31BF0CFF283C528C0023123B /* Project object */ = {
			isa = PBXProject;
			attributes = {
				BuildIndependentTargetsInParallel = 1;
				LastUpgradeCheck = 1330;
				TargetAttributes = {
					31BF0D06283C528C0023123B = {
						CreatedOnToolsVersion = 13.3;
					};
				};
			};
			buildConfigurationList = 31BF0D02283C528C0023123B /* Build configuration list for PBXProject "9着色器(GLSL输入颜色)" */;
			compatibilityVersion = "Xcode 13.0";
			developmentRegion = en;
			hasScannedForEncodings = 0;
			knownRegions = (
				en,
				Base,
			);
			mainGroup = 31BF0CFE283C528C0023123B;
			productRefGroup = 31BF0D08283C528C0023123B /* Products */;
			projectDirPath = "";
			projectRoot = "";
			targets = (
				31BF0D06283C528C0023123B /* 9着色器(GLSL输入颜色) */,
			);
		};
/* End PBXProject section */

/* Begin PBXSourcesBuildPhase section */
		31BF0D03283C528C0023123B /* Sources */ = {
			isa = PBXSourcesBuildPhase;
			buildActionMask = 2147483647;
			files = (
				31BF0D0B283C528C0023123B /* main.cpp in Sources */,
				31BF0D17283C53260023123B /* glad.c in Sources */,
			);
			runOnlyForDeploymentPostprocessing = 0;
		};
/* End PBXSourcesBuildPhase section */

/* Begin XCBuildConfiguration section */
		31BF0D0C283C528C0023123B /* Debug */ = {
			isa = XCBuildConfiguration;
			buildSettings = {
				ALWAYS_SEARCH_USER_PATHS = NO;
				CLANG_ANALYZER_NONNULL = YES;
				CLANG_ANALYZER_NUMBER_OBJECT_CONVERSION = YES_AGGRESSIVE;
				CLANG_CXX_LANGUAGE_STANDARD = "gnu++17";
				CLANG_ENABLE_MODULES = YES;
				CLANG_ENABLE_OBJC_ARC = YES;
				CLANG_ENABLE_OBJC_WEAK = YES;
				CLANG_WARN_BLOCK_CAPTURE_AUTORELEASING = YES;
				CLANG_WARN_BOOL_CONVERSION = YES;
				CLANG_WARN_COMMA = YES;
				CLANG_WARN_CONSTANT_CONVERSION = YES;
				CLANG_WARN_DEPRECATED_OBJC_IMPLEMENTATIONS = YES;
				CLANG_WARN_DIRECT_OBJC_ISA_USAGE = YES_ERROR;
				CLANG_WARN_DOCUMENTATION_COMMENTS = YES;
				CLANG_WARN_EMPTY_BODY = YES;
				CLANG_WARN_ENUM_CONVERSION = YES;
				CLANG_WARN_INFINITE_RECURSION = YES;
				CLANG_WARN_INT_CONVERSION = YES;
				CLANG_WARN_NON_LITERAL_NULL_CONVERSION = YES;
				CLANG_WARN_OBJC_IMPLICIT_RETAIN_SELF = YES;
				CLANG_WARN_OBJC_LITERAL_CONVERSION = YES;
				CLANG_WARN_OBJC_ROOT_CLASS = YES_ERROR;
				CLANG_WARN_QUOTED_INCLUDE_IN_FRAMEWORK_HEADER = YES;
				CLANG_WARN_RANGE_LOOP_ANALYSIS = YES;
				CLANG_WARN_STRICT_PROTOTYPES = YES;
				CLANG_WARN_SUSPICIOUS_MOVE = YES;
				CLANG_WARN_UNGUARDED_AVAILABILITY = YES_AGGRESSIVE;
				CLANG_WARN_UNREACHABLE_CODE = YES;
				CLANG_WARN__DUPLICATE_METHOD_MATCH = YES;
				COPY_PHASE_STRIP = NO;
				DEBUG_INFORMATION_FORMAT = dwarf;
				ENABLE_STRICT_OBJC_MSGSEND = YES;
				ENABLE_TESTABILITY = YES;
				GCC_C_LANGUAGE_STANDARD = gnu11;
				GCC_DYNAMIC_NO_PIC = NO;
				GCC_NO_COMMON_BLOCKS = YES;
				GCC_OPTIMIZATION_LEVEL = 0;
				GCC_PREPROCESSOR_DEFINITIONS = (
					"DEBUG=1",
					"$(inherited)",
				);
				GCC_WARN_64_TO_32_BIT_CONVERSION = YES;
				GCC_WARN_ABOUT_RETURN_TYPE = YES_ERROR;
				GCC_WARN_UNDECLARED_SELECTOR = YES;
				GCC_WARN_UNINITIALIZED_AUTOS = YES_AGGRESSIVE;
				GCC_WARN_UNUSED_FUNCTION = YES;
				GCC_WARN_UNUSED_VARIABLE = YES;
				MACOSX_DEPLOYMENT_TARGET = 12.1;
				MTL_ENABLE_DEBUG_INFO = INCLUDE_SOURCE;
				MTL_FAST_MATH = YES;
				ONLY_ACTIVE_ARCH = YES;
				SDKROOT = macosx;
			};
			name = Debug;
		};
		31BF0D0D283C528C0023123B /* Release */ = {
			isa = XCBuildConfiguration;
			buildSettings = {
				ALWAYS_SEARCH_USER_PATHS = NO;
				CLANG_ANALYZER_NONNULL = YES;
				CLANG_ANALYZER_NUMBER_OBJECT_CONVERSION = YES_AGGRESSIVE;
				CLANG_CXX_LANGUAGE_STANDARD = "gnu++17";
				CLANG_ENABLE_MODULES = YES;
				CLANG_ENABLE_OBJC_ARC = YES;
				CLANG_ENABLE_OBJC_WEAK = YES;
				CLANG_WARN_BLOCK_CAPTURE_AUTORELEASING = YES;
				CLANG_WARN_BOOL_CONVERSION = YES;
				CLANG_WARN_COMMA = YES;
				CLANG_WARN_CONSTANT_CONVERSION = YES;
				CLANG_WARN_DEPRECATED_OBJC_IMPLEMENTATIONS = YES;
				CLANG_WARN_DIRECT_OBJC_ISA_USAGE = YES_ERROR;
				CLANG_WARN_DOCUMENTATION_COMMENTS = YES;
				CLANG_WARN_EMPTY_BODY = YES;
				CLANG_WARN_ENUM_CONVERSION = YES;
				CLANG_WARN_INFINITE_RECURSION = YES;
				CLANG_WARN_INT_CONVERSION = YES;
				CLANG_WARN_NON_LITERAL_NULL_CONVERSION = YES;
				CLANG_WARN_OBJC_IMPLICIT_RETAIN_SELF = YES;
				CLANG_WARN_OBJC_LITERAL_CONVERSION = YES;
				CLANG_WARN_OBJC_ROOT_CLASS = YES_ERROR;
				CLANG_WARN_QUOTED_INCLUDE_IN_FRAMEWORK_HEADER = YES;
				CLANG_WARN_RANGE_LOOP_ANALYSIS = YES;
				CLANG_WARN_STRICT_PROTOTYPES = YES;
				CLANG_WARN_SUSPICIOUS_MOVE = YES;
				CLANG_WARN_UNGUARDED_AVAILABILITY = YES_AGGRESSIVE;
				CLANG_WARN_UNREACHABLE_CODE = YES;
				CLANG_WARN__DUPLICATE_METHOD_MATCH = YES;
				COPY_PHASE_STRIP = NO;
				DEBUG_INFORMATION_FORMAT = "dwarf-with-dsym";
				ENABLE_NS_ASSERTIONS = NO;
				ENABLE_STRICT_OBJC_MSGSEND = YES;
				GCC_C_LANGUAGE_STANDARD = gnu11;
				GCC_NO_COMMON_BLOCKS = YES;
				GCC_WARN_64_TO_32_BIT_CONVERSION = YES;
				GCC_WARN_ABOUT_RETURN_TYPE = YES_ERROR;
				GCC_WARN_UNDECLARED_SELECTOR = YES;
				GCC_WARN_UNINITIALIZED_AUTOS = YES_AGGRESSIVE;
				GCC_WARN_UNUSED_FUNCTION = YES;
				GCC_WARN_UNUSED_VARIABLE = YES;
				MACOSX_DEPLOYMENT_TARGET = 12.1;
				MTL_ENABLE_DEBUG_INFO = NO;
				MTL_FAST_MATH = YES;
				SDKROOT = macosx;
			};
			name = Release;
		};
		31BF0D0F283C528C0023123B /* Debug */ = {
			isa = XCBuildConfiguration;
			buildSettings = {
				CODE_SIGN_STYLE = Automatic;
				HEADER_SEARCH_PATHS = (
					"$(glfw_header)",
					/usr/local/include,
				);
				LIBRARY_SEARCH_PATHS = (
					"$(glfw_lib)",
					/usr/local/Cellar/glfw/3.3.4/lib,
				);
				PRODUCT_NAME = "$(TARGET_NAME)";
			};
			name = Debug;
		};
		31BF0D10283C528C0023123B /* Release */ = {
			isa = XCBuildConfiguration;
			buildSettings = {
				CODE_SIGN_STYLE = Automatic;
				HEADER_SEARCH_PATHS = (
					"$(glfw_header)",
					/usr/local/include,
				);
				LIBRARY_SEARCH_PATHS = (
					"$(glfw_lib)",
					/usr/local/Cellar/glfw/3.3.4/lib,
				);
				PRODUCT_NAME = "$(TARGET_NAME)";
			};
			name = Release;
		};
/* End XCBuildConfiguration section */

/* Begin XCConfigurationList section */
		31BF0D02283C528C0023123B /* Build configuration list for PBXProject "9着色器(GLSL输入颜色)" */ = {
			isa = XCConfigurationList;
			buildConfigurations = (
				31BF0D0C283C528C0023123B /* Debug */,
				31BF0D0D283C528C0023123B /* Release */,
			);
			defaultConfigurationIsVisible = 0;
			defaultConfigurationName = Release;
		};
		31BF0D0E283C528C0023123B /* Build configuration list for PBXNativeTarget "9着色器(GLSL输入颜色)" */ = {
			isa = XCConfigurationList;
			buildConfigurations = (
				31BF0D0F283C528C0023123B /* Debug */,
				31BF0D10283C528C0023123B /* Release */,
			);
			defaultConfigurationIsVisible = 0;
			defaultConfigurationName = Release;
		};
/* End XCConfigurationList section */
	};
	rootObject = 31BF0CFF283C528C0023123B /* Project object */;
}
