// !$*UTF8*$!
{
	archiveVersion = 1;
	classes = {
	};
	objectVersion = 50;
	objects = {

/* Begin PBXBuildFile section */
		1919D83022B23D3100CE94A3 /* DefaultHeader.swift in Sources */ = {isa = PBXBuildFile; fileRef = 1919D82F22B23D3100CE94A3 /* DefaultHeader.swift */; };
		192132C722A8EC3200A1069A /* AppDelegate.swift in Sources */ = {isa = PBXBuildFile; fileRef = 192132C622A8EC3200A1069A /* AppDelegate.swift */; };
		192132C922A8EC3200A1069A /* ViewController.swift in Sources */ = {isa = PBXBuildFile; fileRef = 192132C822A8EC3200A1069A /* ViewController.swift */; };
		192132CC22A8EC3200A1069A /* Main.storyboard in Resources */ = {isa = PBXBuildFile; fileRef = 192132CA22A8EC3200A1069A /* Main.storyboard */; };
		192132CE22A8EC3400A1069A /* Assets.xcassets in Resources */ = {isa = PBXBuildFile; fileRef = 192132CD22A8EC3400A1069A /* Assets.xcassets */; };
		192132D122A8EC3400A1069A /* LaunchScreen.storyboard in Resources */ = {isa = PBXBuildFile; fileRef = 192132CF22A8EC3400A1069A /* LaunchScreen.storyboard */; };
		192132DA22A8F20D00A1069A /* FCFAVPlayerView.swift in Sources */ = {isa = PBXBuildFile; fileRef = 192132D922A8F20D00A1069A /* FCFAVPlayerView.swift */; };
		192132DE22A9155F00A1069A /* Playsets.xcassets in Resources */ = {isa = PBXBuildFile; fileRef = 192132DD22A9155F00A1069A /* Playsets.xcassets */; };
		192132E022A916DD00A1069A /* VideoCustomLayer.swift in Sources */ = {isa = PBXBuildFile; fileRef = 192132DF22A916DD00A1069A /* VideoCustomLayer.swift */; };
/* End PBXBuildFile section */

/* Begin PBXFileReference section */
		1919D82F22B23D3100CE94A3 /* DefaultHeader.swift */ = {isa = PBXFileReference; lastKnownFileType = sourcecode.swift; path = DefaultHeader.swift; sourceTree = "<group>"; };
		192132C322A8EC3200A1069A /* Avplay.app */ = {isa = PBXFileReference; explicitFileType = wrapper.application; includeInIndex = 0; path = Avplay.app; sourceTree = BUILT_PRODUCTS_DIR; };
		192132C622A8EC3200A1069A /* AppDelegate.swift */ = {isa = PBXFileReference; lastKnownFileType = sourcecode.swift; path = AppDelegate.swift; sourceTree = "<group>"; };
		192132C822A8EC3200A1069A /* ViewController.swift */ = {isa = PBXFileReference; lastKnownFileType = sourcecode.swift; path = ViewController.swift; sourceTree = "<group>"; };
		192132CB22A8EC3200A1069A /* Base */ = {isa = PBXFileReference; lastKnownFileType = file.storyboard; name = Base; path = Base.lproj/Main.storyboard; sourceTree = "<group>"; };
		192132CD22A8EC3400A1069A /* Assets.xcassets */ = {isa = PBXFileReference; lastKnownFileType = folder.assetcatalog; path = Assets.xcassets; sourceTree = "<group>"; };
		192132D022A8EC3400A1069A /* Base */ = {isa = PBXFileReference; lastKnownFileType = file.storyboard; name = Base; path = Base.lproj/LaunchScreen.storyboard; sourceTree = "<group>"; };
		192132D222A8EC3400A1069A /* Info.plist */ = {isa = PBXFileReference; lastKnownFileType = text.plist.xml; path = Info.plist; sourceTree = "<group>"; };
		192132D922A8F20D00A1069A /* FCFAVPlayerView.swift */ = {isa = PBXFileReference; lastKnownFileType = sourcecode.swift; path = FCFAVPlayerView.swift; sourceTree = "<group>"; };
		192132DD22A9155F00A1069A /* Playsets.xcassets */ = {isa = PBXFileReference; lastKnownFileType = folder.assetcatalog; path = Playsets.xcassets; sourceTree = "<group>"; };
		192132DF22A916DD00A1069A /* VideoCustomLayer.swift */ = {isa = PBXFileReference; lastKnownFileType = sourcecode.swift; path = VideoCustomLayer.swift; sourceTree = "<group>"; };
/* End PBXFileReference section */

/* Begin PBXFrameworksBuildPhase section */
		192132C022A8EC3200A1069A /* Frameworks */ = {
			isa = PBXFrameworksBuildPhase;
			buildActionMask = 2147483647;
			files = (
			);
			runOnlyForDeploymentPostprocessing = 0;
		};
/* End PBXFrameworksBuildPhase section */

/* Begin PBXGroup section */
		192132BA22A8EC3200A1069A = {
			isa = PBXGroup;
			children = (
				192132C522A8EC3200A1069A /* Avplay */,
				192132C422A8EC3200A1069A /* Products */,
			);
			sourceTree = "<group>";
		};
		192132C422A8EC3200A1069A /* Products */ = {
			isa = PBXGroup;
			children = (
				192132C322A8EC3200A1069A /* Avplay.app */,
			);
			name = Products;
			sourceTree = "<group>";
		};
		192132C522A8EC3200A1069A /* Avplay */ = {
			isa = PBXGroup;
			children = (
				192132D822A8ECA000A1069A /* player */,
				192132C622A8EC3200A1069A /* AppDelegate.swift */,
				192132C822A8EC3200A1069A /* ViewController.swift */,
				192132CA22A8EC3200A1069A /* Main.storyboard */,
				192132CD22A8EC3400A1069A /* Assets.xcassets */,
				192132CF22A8EC3400A1069A /* LaunchScreen.storyboard */,
				192132D222A8EC3400A1069A /* Info.plist */,
			);
			path = Avplay;
			sourceTree = "<group>";
		};
		192132D822A8ECA000A1069A /* player */ = {
			isa = PBXGroup;
			children = (
				1919D82F22B23D3100CE94A3 /* DefaultHeader.swift */,
				192132D922A8F20D00A1069A /* FCFAVPlayerView.swift */,
				192132DF22A916DD00A1069A /* VideoCustomLayer.swift */,
				192132DD22A9155F00A1069A /* Playsets.xcassets */,
			);
			path = player;
			sourceTree = "<group>";
		};
/* End PBXGroup section */

/* Begin PBXNativeTarget section */
		192132C222A8EC3200A1069A /* Avplay */ = {
			isa = PBXNativeTarget;
			buildConfigurationList = 192132D522A8EC3400A1069A /* Build configuration list for PBXNativeTarget "Avplay" */;
			buildPhases = (
				192132BF22A8EC3200A1069A /* Sources */,
				192132C022A8EC3200A1069A /* Frameworks */,
				192132C122A8EC3200A1069A /* Resources */,
			);
			buildRules = (
			);
			dependencies = (
			);
			name = Avplay;
			productName = Avplay;
			productReference = 192132C322A8EC3200A1069A /* Avplay.app */;
			productType = "com.apple.product-type.application";
		};
/* End PBXNativeTarget section */

/* Begin PBXProject section */
		192132BB22A8EC3200A1069A /* Project object */ = {
			isa = PBXProject;
			attributes = {
				LastSwiftUpdateCheck = 1020;
				LastUpgradeCheck = 1020;
				ORGANIZATIONNAME = "冯才凡";
				TargetAttributes = {
					192132C222A8EC3200A1069A = {
						CreatedOnToolsVersion = 10.2.1;
					};
				};
			};
			buildConfigurationList = 192132BE22A8EC3200A1069A /* Build configuration list for PBXProject "Avplay" */;
			compatibilityVersion = "Xcode 9.3";
			developmentRegion = en;
			hasScannedForEncodings = 0;
			knownRegions = (
				en,
				Base,
			);
			mainGroup = 192132BA22A8EC3200A1069A;
			productRefGroup = 192132C422A8EC3200A1069A /* Products */;
			projectDirPath = "";
			projectRoot = "";
			targets = (
				192132C222A8EC3200A1069A /* Avplay */,
			);
		};
/* End PBXProject section */

/* Begin PBXResourcesBuildPhase section */
		192132C122A8EC3200A1069A /* Resources */ = {
			isa = PBXResourcesBuildPhase;
			buildActionMask = 2147483647;
			files = (
				192132D122A8EC3400A1069A /* LaunchScreen.storyboard in Resources */,
				192132CE22A8EC3400A1069A /* Assets.xcassets in Resources */,
				192132DE22A9155F00A1069A /* Playsets.xcassets in Resources */,
				192132CC22A8EC3200A1069A /* Main.storyboard in Resources */,
			);
			runOnlyForDeploymentPostprocessing = 0;
		};
/* End PBXResourcesBuildPhase section */

/* Begin PBXSourcesBuildPhase section */
		192132BF22A8EC3200A1069A /* Sources */ = {
			isa = PBXSourcesBuildPhase;
			buildActionMask = 2147483647;
			files = (
				192132E022A916DD00A1069A /* VideoCustomLayer.swift in Sources */,
				1919D83022B23D3100CE94A3 /* DefaultHeader.swift in Sources */,
				192132C922A8EC3200A1069A /* ViewController.swift in Sources */,
				192132C722A8EC3200A1069A /* AppDelegate.swift in Sources */,
				192132DA22A8F20D00A1069A /* FCFAVPlayerView.swift in Sources */,
			);
			runOnlyForDeploymentPostprocessing = 0;
		};
/* End PBXSourcesBuildPhase section */

/* Begin PBXVariantGroup section */
		192132CA22A8EC3200A1069A /* Main.storyboard */ = {
			isa = PBXVariantGroup;
			children = (
				192132CB22A8EC3200A1069A /* Base */,
			);
			name = Main.storyboard;
			sourceTree = "<group>";
		};
		192132CF22A8EC3400A1069A /* LaunchScreen.storyboard */ = {
			isa = PBXVariantGroup;
			children = (
				192132D022A8EC3400A1069A /* Base */,
			);
			name = LaunchScreen.storyboard;
			sourceTree = "<group>";
		};
/* End PBXVariantGroup section */

/* Begin XCBuildConfiguration section */
		192132D322A8EC3400A1069A /* Debug */ = {
			isa = XCBuildConfiguration;
			buildSettings = {
				ALWAYS_SEARCH_USER_PATHS = NO;
				CLANG_ANALYZER_NONNULL = YES;
				CLANG_ANALYZER_NUMBER_OBJECT_CONVERSION = YES_AGGRESSIVE;
				CLANG_CXX_LANGUAGE_STANDARD = "gnu++14";
				CLANG_CXX_LIBRARY = "libc++";
				CLANG_ENABLE_MODULES = YES;
				CLANG_ENABLE_OBJC_ARC = YES;
				CLANG_ENABLE_OBJC_WEAK = YES;
				CLANG_WARN_BLOCK_CAPTURE_AUTORELEASING = YES;
				CLANG_WARN_BOOL_CONVERSION = YES;
				CLANG_WARN_COMMA = YES;
				CLANG_WARN_CONSTANT_CONVERSION = YES;
				CLANG_WARN_DEPRECATED_OBJC_IMPLEMENTATIONS = YES;
				CLANG_WARN_DIRECT_OBJC_ISA_USAGE = YES_ERROR;
				CLANG_WARN_DOCUMENTATION_COMMENTS = YES;
				CLANG_WARN_EMPTY_BODY = YES;
				CLANG_WARN_ENUM_CONVERSION = YES;
				CLANG_WARN_INFINITE_RECURSION = YES;
				CLANG_WARN_INT_CONVERSION = YES;
				CLANG_WARN_NON_LITERAL_NULL_CONVERSION = YES;
				CLANG_WARN_OBJC_IMPLICIT_RETAIN_SELF = YES;
				CLANG_WARN_OBJC_LITERAL_CONVERSION = YES;
				CLANG_WARN_OBJC_ROOT_CLASS = YES_ERROR;
				CLANG_WARN_RANGE_LOOP_ANALYSIS = YES;
				CLANG_WARN_STRICT_PROTOTYPES = YES;
				CLANG_WARN_SUSPICIOUS_MOVE = YES;
				CLANG_WARN_UNGUARDED_AVAILABILITY = YES_AGGRESSIVE;
				CLANG_WARN_UNREACHABLE_CODE = YES;
				CLANG_WARN__DUPLICATE_METHOD_MATCH = YES;
				CODE_SIGN_IDENTITY = "iPhone Developer";
				COPY_PHASE_STRIP = NO;
				DEBUG_INFORMATION_FORMAT = dwarf;
				ENABLE_STRICT_OBJC_MSGSEND = YES;
				ENABLE_TESTABILITY = YES;
				GCC_C_LANGUAGE_STANDARD = gnu11;
				GCC_DYNAMIC_NO_PIC = NO;
				GCC_NO_COMMON_BLOCKS = YES;
				GCC_OPTIMIZATION_LEVEL = 0;
				GCC_PREPROCESSOR_DEFINITIONS = (
					"DEBUG=1",
					"$(inherited)",
				);
				GCC_WARN_64_TO_32_BIT_CONVERSION = YES;
				GCC_WARN_ABOUT_RETURN_TYPE = YES_ERROR;
				GCC_WARN_UNDECLARED_SELECTOR = YES;
				GCC_WARN_UNINITIALIZED_AUTOS = YES_AGGRESSIVE;
				GCC_WARN_UNUSED_FUNCTION = YES;
				GCC_WARN_UNUSED_VARIABLE = YES;
				IPHONEOS_DEPLOYMENT_TARGET = 12.2;
				MTL_ENABLE_DEBUG_INFO = INCLUDE_SOURCE;
				MTL_FAST_MATH = YES;
				ONLY_ACTIVE_ARCH = YES;
				SDKROOT = iphoneos;
				SWIFT_ACTIVE_COMPILATION_CONDITIONS = DEBUG;
				SWIFT_OPTIMIZATION_LEVEL = "-Onone";
			};
			name = Debug;
		};
		192132D422A8EC3400A1069A /* Release */ = {
			isa = XCBuildConfiguration;
			buildSettings = {
				ALWAYS_SEARCH_USER_PATHS = NO;
				CLANG_ANALYZER_NONNULL = YES;
				CLANG_ANALYZER_NUMBER_OBJECT_CONVERSION = YES_AGGRESSIVE;
				CLANG_CXX_LANGUAGE_STANDARD = "gnu++14";
				CLANG_CXX_LIBRARY = "libc++";
				CLANG_ENABLE_MODULES = YES;
				CLANG_ENABLE_OBJC_ARC = YES;
				CLANG_ENABLE_OBJC_WEAK = YES;
				CLANG_WARN_BLOCK_CAPTURE_AUTORELEASING = YES;
				CLANG_WARN_BOOL_CONVERSION = YES;
				CLANG_WARN_COMMA = YES;
				CLANG_WARN_CONSTANT_CONVERSION = YES;
				CLANG_WARN_DEPRECATED_OBJC_IMPLEMENTATIONS = YES;
				CLANG_WARN_DIRECT_OBJC_ISA_USAGE = YES_ERROR;
				CLANG_WARN_DOCUMENTATION_COMMENTS = YES;
				CLANG_WARN_EMPTY_BODY = YES;
				CLANG_WARN_ENUM_CONVERSION = YES;
				CLANG_WARN_INFINITE_RECURSION = YES;
				CLANG_WARN_INT_CONVERSION = YES;
				CLANG_WARN_NON_LITERAL_NULL_CONVERSION = YES;
				CLANG_WARN_OBJC_IMPLICIT_RETAIN_SELF = YES;
				CLANG_WARN_OBJC_LITERAL_CONVERSION = YES;
				CLANG_WARN_OBJC_ROOT_CLASS = YES_ERROR;
				CLANG_WARN_RANGE_LOOP_ANALYSIS = YES;
				CLANG_WARN_STRICT_PROTOTYPES = YES;
				CLANG_WARN_SUSPICIOUS_MOVE = YES;
				CLANG_WARN_UNGUARDED_AVAILABILITY = YES_AGGRESSIVE;
				CLANG_WARN_UNREACHABLE_CODE = YES;
				CLANG_WARN__DUPLICATE_METHOD_MATCH = YES;
				CODE_SIGN_IDENTITY = "iPhone Developer";
				COPY_PHASE_STRIP = NO;
				DEBUG_INFORMATION_FORMAT = "dwarf-with-dsym";
				ENABLE_NS_ASSERTIONS = NO;
				ENABLE_STRICT_OBJC_MSGSEND = YES;
				GCC_C_LANGUAGE_STANDARD = gnu11;
				GCC_NO_COMMON_BLOCKS = YES;
				GCC_WARN_64_TO_32_BIT_CONVERSION = YES;
				GCC_WARN_ABOUT_RETURN_TYPE = YES_ERROR;
				GCC_WARN_UNDECLARED_SELECTOR = YES;
				GCC_WARN_UNINITIALIZED_AUTOS = YES_AGGRESSIVE;
				GCC_WARN_UNUSED_FUNCTION = YES;
				GCC_WARN_UNUSED_VARIABLE = YES;
				IPHONEOS_DEPLOYMENT_TARGET = 12.2;
				MTL_ENABLE_DEBUG_INFO = NO;
				MTL_FAST_MATH = YES;
				SDKROOT = iphoneos;
				SWIFT_COMPILATION_MODE = wholemodule;
				SWIFT_OPTIMIZATION_LEVEL = "-O";
				VALIDATE_PRODUCT = YES;
			};
			name = Release;
		};
		192132D622A8EC3400A1069A /* Debug */ = {
			isa = XCBuildConfiguration;
			buildSettings = {
				ASSETCATALOG_COMPILER_APPICON_NAME = AppIcon;
				CODE_SIGN_STYLE = Automatic;
				DEVELOPMENT_TEAM = 3T49A8WRJ5;
				INFOPLIST_FILE = Avplay/Info.plist;
				LD_RUNPATH_SEARCH_PATHS = (
					"$(inherited)",
					"@executable_path/Frameworks",
				);
				PRODUCT_BUNDLE_IDENTIFIER = fcf.com.Avplay;
				PRODUCT_NAME = "$(TARGET_NAME)";
				SWIFT_VERSION = 5.0;
				TARGETED_DEVICE_FAMILY = "1,2";
			};
			name = Debug;
		};
		192132D722A8EC3400A1069A /* Release */ = {
			isa = XCBuildConfiguration;
			buildSettings = {
				ASSETCATALOG_COMPILER_APPICON_NAME = AppIcon;
				CODE_SIGN_STYLE = Automatic;
				DEVELOPMENT_TEAM = 3T49A8WRJ5;
				INFOPLIST_FILE = Avplay/Info.plist;
				LD_RUNPATH_SEARCH_PATHS = (
					"$(inherited)",
					"@executable_path/Frameworks",
				);
				PRODUCT_BUNDLE_IDENTIFIER = fcf.com.Avplay;
				PRODUCT_NAME = "$(TARGET_NAME)";
				SWIFT_VERSION = 5.0;
				TARGETED_DEVICE_FAMILY = "1,2";
			};
			name = Release;
		};
/* End XCBuildConfiguration section */

/* Begin XCConfigurationList section */
		192132BE22A8EC3200A1069A /* Build configuration list for PBXProject "Avplay" */ = {
			isa = XCConfigurationList;
			buildConfigurations = (
				192132D322A8EC3400A1069A /* Debug */,
				192132D422A8EC3400A1069A /* Release */,
			);
			defaultConfigurationIsVisible = 0;
			defaultConfigurationName = Release;
		};
		192132D522A8EC3400A1069A /* Build configuration list for PBXNativeTarget "Avplay" */ = {
			isa = XCConfigurationList;
			buildConfigurations = (
				192132D622A8EC3400A1069A /* Debug */,
				192132D722A8EC3400A1069A /* Release */,
			);
			defaultConfigurationIsVisible = 0;
			defaultConfigurationName = Release;
		};
/* End XCConfigurationList section */
	};
	rootObject = 192132BB22A8EC3200A1069A /* Project object */;
}
