// !$*UTF8*$!
{
	archiveVersion = 1;
	classes = {
	};
	objectVersion = 50;
	objects = {

/* Begin PBXBuildFile section */
		193628AB238CCB3200D5C403 /* AppDelegate.m in Sources */ = {isa = PBXBuildFile; fileRef = 193628AA238CCB3200D5C403 /* AppDelegate.m */; };
		193628AE238CCB3200D5C403 /* SceneDelegate.m in Sources */ = {isa = PBXBuildFile; fileRef = 193628AD238CCB3200D5C403 /* SceneDelegate.m */; };
		193628B1238CCB3200D5C403 /* ViewController.m in Sources */ = {isa = PBXBuildFile; fileRef = 193628B0238CCB3200D5C403 /* ViewController.m */; };
		193628B4238CCB3200D5C403 /* Main.storyboard in Resources */ = {isa = PBXBuildFile; fileRef = 193628B2238CCB3200D5C403 /* Main.storyboard */; };
		193628B6238CCB3300D5C403 /* Assets.xcassets in Resources */ = {isa = PBXBuildFile; fileRef = 193628B5238CCB3300D5C403 /* Assets.xcassets */; };
		193628B9238CCB3300D5C403 /* LaunchScreen.storyboard in Resources */ = {isa = PBXBuildFile; fileRef = 193628B7238CCB3300D5C403 /* LaunchScreen.storyboard */; };
		193628BC238CCB3300D5C403 /* main.m in Sources */ = {isa = PBXBuildFile; fileRef = 193628BB238CCB3300D5C403 /* main.m */; };
		1968096D239241FE00D5459A /* OpenGLES_VC.m in Sources */ = {isa = PBXBuildFile; fileRef = 1968096C239241FE00D5459A /* OpenGLES_VC.m */; };
		196809722393584D00D5459A /* AGLKView.m in Sources */ = {isa = PBXBuildFile; fileRef = 196809712393584D00D5459A /* AGLKView.m */; };
		19AB0DAF239A06ED00D9F740 /* OpenGL_ES_VC05.m in Sources */ = {isa = PBXBuildFile; fileRef = 19AB0DAE239A06ED00D9F740 /* OpenGL_ES_VC05.m */; };
		19AB0DB9239A5AA800D9F740 /* OpenGL_ES_VC06.m in Sources */ = {isa = PBXBuildFile; fileRef = 19AB0DB8239A5AA800D9F740 /* OpenGL_ES_VC06.m */; };
		19F321BF2398E2E0009A9835 /* grid.png in Resources */ = {isa = PBXBuildFile; fileRef = 19F321BE2398E2E0009A9835 /* grid.png */; };
		3110E545239945640081CCB2 /* OpenGL_ES_VC04.m in Sources */ = {isa = PBXBuildFile; fileRef = 3110E544239945640081CCB2 /* OpenGL_ES_VC04.m */; };
		3110E54723995A1C0081CCB2 /* beetle.png in Resources */ = {isa = PBXBuildFile; fileRef = 3110E54623995A1C0081CCB2 /* beetle.png */; };
		3110E54923995A260081CCB2 /* Default-568h@2x.png in Resources */ = {isa = PBXBuildFile; fileRef = 3110E54823995A260081CCB2 /* Default-568h@2x.png */; };
		311DE2F42397E88E00CA4A8D /* OpenGL_ES_VC02.m in Sources */ = {isa = PBXBuildFile; fileRef = 311DE2F32397E88E00CA4A8D /* OpenGL_ES_VC02.m */; };
		311DE2F62397F1FA00CA4A8D /* leaves.gif in Resources */ = {isa = PBXBuildFile; fileRef = 311DE2F52397F1F900CA4A8D /* leaves.gif */; };
		311DE2FA23980DD400CA4A8D /* AGLKTextureLoader.m in Sources */ = {isa = PBXBuildFile; fileRef = 311DE2F923980DD400CA4A8D /* AGLKTextureLoader.m */; };
		311DE2FD23980E6300CA4A8D /* OpenGL_ES_VC03.m in Sources */ = {isa = PBXBuildFile; fileRef = 311DE2FC23980E6300CA4A8D /* OpenGL_ES_VC03.m */; };
		31723743239B880300C34AE1 /* Shader.fsh in Resources */ = {isa = PBXBuildFile; fileRef = 31723741239B880200C34AE1 /* Shader.fsh */; };
		31723744239B880300C34AE1 /* Shader.vsh in Resources */ = {isa = PBXBuildFile; fileRef = 31723742239B880300C34AE1 /* Shader.vsh */; };
/* End PBXBuildFile section */

/* Begin PBXFileReference section */
		193628A6238CCB3200D5C403 /* OpenGL ES2.0应用实践iOS.app */ = {isa = PBXFileReference; explicitFileType = wrapper.application; includeInIndex = 0; path = "OpenGL ES2.0应用实践iOS.app"; sourceTree = BUILT_PRODUCTS_DIR; };
		193628A9238CCB3200D5C403 /* AppDelegate.h */ = {isa = PBXFileReference; lastKnownFileType = sourcecode.c.h; path = AppDelegate.h; sourceTree = "<group>"; };
		193628AA238CCB3200D5C403 /* AppDelegate.m */ = {isa = PBXFileReference; lastKnownFileType = sourcecode.c.objc; path = AppDelegate.m; sourceTree = "<group>"; };
		193628AC238CCB3200D5C403 /* SceneDelegate.h */ = {isa = PBXFileReference; lastKnownFileType = sourcecode.c.h; path = SceneDelegate.h; sourceTree = "<group>"; };
		193628AD238CCB3200D5C403 /* SceneDelegate.m */ = {isa = PBXFileReference; lastKnownFileType = sourcecode.c.objc; path = SceneDelegate.m; sourceTree = "<group>"; };
		193628AF238CCB3200D5C403 /* ViewController.h */ = {isa = PBXFileReference; lastKnownFileType = sourcecode.c.h; path = ViewController.h; sourceTree = "<group>"; };
		193628B0238CCB3200D5C403 /* ViewController.m */ = {isa = PBXFileReference; lastKnownFileType = sourcecode.c.objc; path = ViewController.m; sourceTree = "<group>"; };
		193628B3238CCB3200D5C403 /* Base */ = {isa = PBXFileReference; lastKnownFileType = file.storyboard; name = Base; path = Base.lproj/Main.storyboard; sourceTree = "<group>"; };
		193628B5238CCB3300D5C403 /* Assets.xcassets */ = {isa = PBXFileReference; lastKnownFileType = folder.assetcatalog; path = Assets.xcassets; sourceTree = "<group>"; };
		193628B8238CCB3300D5C403 /* Base */ = {isa = PBXFileReference; lastKnownFileType = file.storyboard; name = Base; path = Base.lproj/LaunchScreen.storyboard; sourceTree = "<group>"; };
		193628BA238CCB3300D5C403 /* Info.plist */ = {isa = PBXFileReference; lastKnownFileType = text.plist.xml; path = Info.plist; sourceTree = "<group>"; };
		193628BB238CCB3300D5C403 /* main.m */ = {isa = PBXFileReference; lastKnownFileType = sourcecode.c.objc; path = main.m; sourceTree = "<group>"; };
		193628C3238CCB7B00D5C403 /* OpenGL ES学习01——从iOS到OpenGL ES实现.md */ = {isa = PBXFileReference; lastKnownFileType = net.daringfireball.markdown; path = "OpenGL ES学习01——从iOS到OpenGL ES实现.md"; sourceTree = "<group>"; };
		1968096B239241FE00D5459A /* OpenGLES_VC.h */ = {isa = PBXFileReference; lastKnownFileType = sourcecode.c.h; path = OpenGLES_VC.h; sourceTree = "<group>"; };
		1968096C239241FE00D5459A /* OpenGLES_VC.m */ = {isa = PBXFileReference; lastKnownFileType = sourcecode.c.objc; path = OpenGLES_VC.m; sourceTree = "<group>"; };
		196809702393584D00D5459A /* AGLKView.h */ = {isa = PBXFileReference; lastKnownFileType = sourcecode.c.h; path = AGLKView.h; sourceTree = "<group>"; };
		196809712393584D00D5459A /* AGLKView.m */ = {isa = PBXFileReference; lastKnownFileType = sourcecode.c.objc; path = AGLKView.m; sourceTree = "<group>"; };
		19AB0DAD239A06ED00D9F740 /* OpenGL_ES_VC05.h */ = {isa = PBXFileReference; lastKnownFileType = sourcecode.c.h; path = OpenGL_ES_VC05.h; sourceTree = "<group>"; };
		19AB0DAE239A06ED00D9F740 /* OpenGL_ES_VC05.m */ = {isa = PBXFileReference; lastKnownFileType = sourcecode.c.objc; path = OpenGL_ES_VC05.m; sourceTree = "<group>"; };
		19AB0DB7239A5AA800D9F740 /* OpenGL_ES_VC06.h */ = {isa = PBXFileReference; lastKnownFileType = sourcecode.c.h; path = OpenGL_ES_VC06.h; sourceTree = "<group>"; };
		19AB0DB8239A5AA800D9F740 /* OpenGL_ES_VC06.m */ = {isa = PBXFileReference; lastKnownFileType = sourcecode.c.objc; path = OpenGL_ES_VC06.m; sourceTree = "<group>"; };
		19F321BD2398B2FF009A9835 /* PrefixHeader.pch */ = {isa = PBXFileReference; lastKnownFileType = sourcecode.c.h; path = PrefixHeader.pch; sourceTree = "<group>"; };
		19F321BE2398E2E0009A9835 /* grid.png */ = {isa = PBXFileReference; lastKnownFileType = image.png; path = grid.png; sourceTree = "<group>"; };
		3110E543239945640081CCB2 /* OpenGL_ES_VC04.h */ = {isa = PBXFileReference; lastKnownFileType = sourcecode.c.h; path = OpenGL_ES_VC04.h; sourceTree = "<group>"; };
		3110E544239945640081CCB2 /* OpenGL_ES_VC04.m */ = {isa = PBXFileReference; lastKnownFileType = sourcecode.c.objc; path = OpenGL_ES_VC04.m; sourceTree = "<group>"; };
		3110E54623995A1C0081CCB2 /* beetle.png */ = {isa = PBXFileReference; lastKnownFileType = image.png; path = beetle.png; sourceTree = "<group>"; };
		3110E54823995A260081CCB2 /* Default-568h@2x.png */ = {isa = PBXFileReference; lastKnownFileType = image.png; path = "Default-568h@2x.png"; sourceTree = "<group>"; };
		311DE2F22397E88E00CA4A8D /* OpenGL_ES_VC02.h */ = {isa = PBXFileReference; lastKnownFileType = sourcecode.c.h; path = OpenGL_ES_VC02.h; sourceTree = "<group>"; };
		311DE2F32397E88E00CA4A8D /* OpenGL_ES_VC02.m */ = {isa = PBXFileReference; lastKnownFileType = sourcecode.c.objc; path = OpenGL_ES_VC02.m; sourceTree = "<group>"; };
		311DE2F52397F1F900CA4A8D /* leaves.gif */ = {isa = PBXFileReference; lastKnownFileType = image.gif; path = leaves.gif; sourceTree = "<group>"; };
		311DE2F823980DD400CA4A8D /* AGLKTextureLoader.h */ = {isa = PBXFileReference; lastKnownFileType = sourcecode.c.h; path = AGLKTextureLoader.h; sourceTree = "<group>"; };
		311DE2F923980DD400CA4A8D /* AGLKTextureLoader.m */ = {isa = PBXFileReference; lastKnownFileType = sourcecode.c.objc; path = AGLKTextureLoader.m; sourceTree = "<group>"; };
		311DE2FB23980E6300CA4A8D /* OpenGL_ES_VC03.h */ = {isa = PBXFileReference; lastKnownFileType = sourcecode.c.h; path = OpenGL_ES_VC03.h; sourceTree = "<group>"; };
		311DE2FC23980E6300CA4A8D /* OpenGL_ES_VC03.m */ = {isa = PBXFileReference; lastKnownFileType = sourcecode.c.objc; path = OpenGL_ES_VC03.m; sourceTree = "<group>"; };
		31723741239B880200C34AE1 /* Shader.fsh */ = {isa = PBXFileReference; fileEncoding = 4; lastKnownFileType = sourcecode.glsl; path = Shader.fsh; sourceTree = "<group>"; };
		31723742239B880300C34AE1 /* Shader.vsh */ = {isa = PBXFileReference; fileEncoding = 4; lastKnownFileType = sourcecode.glsl; path = Shader.vsh; sourceTree = "<group>"; };
/* End PBXFileReference section */

/* Begin PBXFrameworksBuildPhase section */
		193628A3238CCB3200D5C403 /* Frameworks */ = {
			isa = PBXFrameworksBuildPhase;
			buildActionMask = 2147483647;
			files = (
			);
			runOnlyForDeploymentPostprocessing = 0;
		};
/* End PBXFrameworksBuildPhase section */

/* Begin PBXGroup section */
		1936289D238CCB3200D5C403 = {
			isa = PBXGroup;
			children = (
				193628A8238CCB3200D5C403 /* OpenGL ES2.0应用实践iOS */,
				193628A7238CCB3200D5C403 /* Products */,
			);
			sourceTree = "<group>";
		};
		193628A7238CCB3200D5C403 /* Products */ = {
			isa = PBXGroup;
			children = (
				193628A6238CCB3200D5C403 /* OpenGL ES2.0应用实践iOS.app */,
			);
			name = Products;
			sourceTree = "<group>";
		};
		193628A8238CCB3200D5C403 /* OpenGL ES2.0应用实践iOS */ = {
			isa = PBXGroup;
			children = (
				1968096E239356F500D5459A /* OpenGL ES实践 */,
				193628C2238CCB5F00D5C403 /* MDS */,
				193628A9238CCB3200D5C403 /* AppDelegate.h */,
				193628AA238CCB3200D5C403 /* AppDelegate.m */,
				193628AC238CCB3200D5C403 /* SceneDelegate.h */,
				193628AD238CCB3200D5C403 /* SceneDelegate.m */,
				193628AF238CCB3200D5C403 /* ViewController.h */,
				193628B0238CCB3200D5C403 /* ViewController.m */,
				193628B2238CCB3200D5C403 /* Main.storyboard */,
				193628B5238CCB3300D5C403 /* Assets.xcassets */,
				193628B7238CCB3300D5C403 /* LaunchScreen.storyboard */,
				193628BA238CCB3300D5C403 /* Info.plist */,
				193628BB238CCB3300D5C403 /* main.m */,
				311DE2F52397F1F900CA4A8D /* leaves.gif */,
				19F321BE2398E2E0009A9835 /* grid.png */,
				3110E54623995A1C0081CCB2 /* beetle.png */,
				3110E54823995A260081CCB2 /* Default-568h@2x.png */,
				19F321BD2398B2FF009A9835 /* PrefixHeader.pch */,
				31723741239B880200C34AE1 /* Shader.fsh */,
				31723742239B880300C34AE1 /* Shader.vsh */,
			);
			path = "OpenGL ES2.0应用实践iOS";
			sourceTree = "<group>";
		};
		193628C2238CCB5F00D5C403 /* MDS */ = {
			isa = PBXGroup;
			children = (
				193628C3238CCB7B00D5C403 /* OpenGL ES学习01——从iOS到OpenGL ES实现.md */,
			);
			path = MDS;
			sourceTree = "<group>";
		};
		1968096A239241CB00D5459A /* 实例1OpenGL ES基本使用流程 */ = {
			isa = PBXGroup;
			children = (
				1968096F2393578B00D5459A /* 自定义GLKView */,
				1968096B239241FE00D5459A /* OpenGLES_VC.h */,
				1968096C239241FE00D5459A /* OpenGLES_VC.m */,
			);
			path = "实例1OpenGL ES基本使用流程";
			sourceTree = "<group>";
		};
		1968096E239356F500D5459A /* OpenGL ES实践 */ = {
			isa = PBXGroup;
			children = (
				1968096A239241CB00D5459A /* 实例1OpenGL ES基本使用流程 */,
				311DE2F12397E82E00CA4A8D /* 实例2OpenGL ES纹理学习 */,
				31723745239B9DDC00C34AE1 /* 实例3OpenGL ES光线学习 */,
			);
			path = "OpenGL ES实践";
			sourceTree = "<group>";
		};
		1968096F2393578B00D5459A /* 自定义GLKView */ = {
			isa = PBXGroup;
			children = (
				196809702393584D00D5459A /* AGLKView.h */,
				196809712393584D00D5459A /* AGLKView.m */,
			);
			path = "自定义GLKView";
			sourceTree = "<group>";
		};
		311DE2F12397E82E00CA4A8D /* 实例2OpenGL ES纹理学习 */ = {
			isa = PBXGroup;
			children = (
				311DE2F723980D8400CA4A8D /* 自定义GLKTextureLoader */,
				311DE2F22397E88E00CA4A8D /* OpenGL_ES_VC02.h */,
				311DE2F32397E88E00CA4A8D /* OpenGL_ES_VC02.m */,
				311DE2FB23980E6300CA4A8D /* OpenGL_ES_VC03.h */,
				311DE2FC23980E6300CA4A8D /* OpenGL_ES_VC03.m */,
				3110E543239945640081CCB2 /* OpenGL_ES_VC04.h */,
				3110E544239945640081CCB2 /* OpenGL_ES_VC04.m */,
				19AB0DAD239A06ED00D9F740 /* OpenGL_ES_VC05.h */,
				19AB0DAE239A06ED00D9F740 /* OpenGL_ES_VC05.m */,
				19AB0DB7239A5AA800D9F740 /* OpenGL_ES_VC06.h */,
				19AB0DB8239A5AA800D9F740 /* OpenGL_ES_VC06.m */,
			);
			path = "实例2OpenGL ES纹理学习";
			sourceTree = "<group>";
		};
		311DE2F723980D8400CA4A8D /* 自定义GLKTextureLoader */ = {
			isa = PBXGroup;
			children = (
				311DE2F823980DD400CA4A8D /* AGLKTextureLoader.h */,
				311DE2F923980DD400CA4A8D /* AGLKTextureLoader.m */,
			);
			path = "自定义GLKTextureLoader";
			sourceTree = "<group>";
		};
		31723745239B9DDC00C34AE1 /* 实例3OpenGL ES光线学习 */ = {
			isa = PBXGroup;
			children = (
			);
			path = "实例3OpenGL ES光线学习";
			sourceTree = "<group>";
		};
/* End PBXGroup section */

/* Begin PBXNativeTarget section */
		193628A5238CCB3200D5C403 /* OpenGL ES2.0应用实践iOS */ = {
			isa = PBXNativeTarget;
			buildConfigurationList = 193628BF238CCB3300D5C403 /* Build configuration list for PBXNativeTarget "OpenGL ES2.0应用实践iOS" */;
			buildPhases = (
				193628A2238CCB3200D5C403 /* Sources */,
				193628A3238CCB3200D5C403 /* Frameworks */,
				193628A4238CCB3200D5C403 /* Resources */,
			);
			buildRules = (
			);
			dependencies = (
			);
			name = "OpenGL ES2.0应用实践iOS";
			productName = "OpenGL ES2.0应用实践iOS";
			productReference = 193628A6238CCB3200D5C403 /* OpenGL ES2.0应用实践iOS.app */;
			productType = "com.apple.product-type.application";
		};
/* End PBXNativeTarget section */

/* Begin PBXProject section */
		1936289E238CCB3200D5C403 /* Project object */ = {
			isa = PBXProject;
			attributes = {
				LastUpgradeCheck = 1120;
				ORGANIZATIONNAME = "冯才凡";
				TargetAttributes = {
					193628A5238CCB3200D5C403 = {
						CreatedOnToolsVersion = 11.2.1;
					};
				};
			};
			buildConfigurationList = 193628A1238CCB3200D5C403 /* Build configuration list for PBXProject "OpenGL ES2.0应用实践iOS" */;
			compatibilityVersion = "Xcode 9.3";
			developmentRegion = en;
			hasScannedForEncodings = 0;
			knownRegions = (
				en,
				Base,
			);
			mainGroup = 1936289D238CCB3200D5C403;
			productRefGroup = 193628A7238CCB3200D5C403 /* Products */;
			projectDirPath = "";
			projectRoot = "";
			targets = (
				193628A5238CCB3200D5C403 /* OpenGL ES2.0应用实践iOS */,
			);
		};
/* End PBXProject section */

/* Begin PBXResourcesBuildPhase section */
		193628A4238CCB3200D5C403 /* Resources */ = {
			isa = PBXResourcesBuildPhase;
			buildActionMask = 2147483647;
			files = (
				31723743239B880300C34AE1 /* Shader.fsh in Resources */,
				3110E54723995A1C0081CCB2 /* beetle.png in Resources */,
				193628B9238CCB3300D5C403 /* LaunchScreen.storyboard in Resources */,
				19F321BF2398E2E0009A9835 /* grid.png in Resources */,
				193628B6238CCB3300D5C403 /* Assets.xcassets in Resources */,
				31723744239B880300C34AE1 /* Shader.vsh in Resources */,
				311DE2F62397F1FA00CA4A8D /* leaves.gif in Resources */,
				3110E54923995A260081CCB2 /* Default-568h@2x.png in Resources */,
				193628B4238CCB3200D5C403 /* Main.storyboard in Resources */,
			);
			runOnlyForDeploymentPostprocessing = 0;
		};
/* End PBXResourcesBuildPhase section */

/* Begin PBXSourcesBuildPhase section */
		193628A2238CCB3200D5C403 /* Sources */ = {
			isa = PBXSourcesBuildPhase;
			buildActionMask = 2147483647;
			files = (
				193628B1238CCB3200D5C403 /* ViewController.m in Sources */,
				1968096D239241FE00D5459A /* OpenGLES_VC.m in Sources */,
				311DE2F42397E88E00CA4A8D /* OpenGL_ES_VC02.m in Sources */,
				193628AB238CCB3200D5C403 /* AppDelegate.m in Sources */,
				196809722393584D00D5459A /* AGLKView.m in Sources */,
				19AB0DB9239A5AA800D9F740 /* OpenGL_ES_VC06.m in Sources */,
				311DE2FD23980E6300CA4A8D /* OpenGL_ES_VC03.m in Sources */,
				19AB0DAF239A06ED00D9F740 /* OpenGL_ES_VC05.m in Sources */,
				311DE2FA23980DD400CA4A8D /* AGLKTextureLoader.m in Sources */,
				3110E545239945640081CCB2 /* OpenGL_ES_VC04.m in Sources */,
				193628BC238CCB3300D5C403 /* main.m in Sources */,
				193628AE238CCB3200D5C403 /* SceneDelegate.m in Sources */,
			);
			runOnlyForDeploymentPostprocessing = 0;
		};
/* End PBXSourcesBuildPhase section */

/* Begin PBXVariantGroup section */
		193628B2238CCB3200D5C403 /* Main.storyboard */ = {
			isa = PBXVariantGroup;
			children = (
				193628B3238CCB3200D5C403 /* Base */,
			);
			name = Main.storyboard;
			sourceTree = "<group>";
		};
		193628B7238CCB3300D5C403 /* LaunchScreen.storyboard */ = {
			isa = PBXVariantGroup;
			children = (
				193628B8238CCB3300D5C403 /* Base */,
			);
			name = LaunchScreen.storyboard;
			sourceTree = "<group>";
		};
/* End PBXVariantGroup section */

/* Begin XCBuildConfiguration section */
		193628BD238CCB3300D5C403 /* Debug */ = {
			isa = XCBuildConfiguration;
			buildSettings = {
				ALWAYS_SEARCH_USER_PATHS = NO;
				CLANG_ANALYZER_NONNULL = YES;
				CLANG_ANALYZER_NUMBER_OBJECT_CONVERSION = YES_AGGRESSIVE;
				CLANG_CXX_LANGUAGE_STANDARD = "gnu++14";
				CLANG_CXX_LIBRARY = "libc++";
				CLANG_ENABLE_MODULES = YES;
				CLANG_ENABLE_OBJC_ARC = YES;
				CLANG_ENABLE_OBJC_WEAK = YES;
				CLANG_WARN_BLOCK_CAPTURE_AUTORELEASING = YES;
				CLANG_WARN_BOOL_CONVERSION = YES;
				CLANG_WARN_COMMA = YES;
				CLANG_WARN_CONSTANT_CONVERSION = YES;
				CLANG_WARN_DEPRECATED_OBJC_IMPLEMENTATIONS = YES;
				CLANG_WARN_DIRECT_OBJC_ISA_USAGE = YES_ERROR;
				CLANG_WARN_DOCUMENTATION_COMMENTS = YES;
				CLANG_WARN_EMPTY_BODY = YES;
				CLANG_WARN_ENUM_CONVERSION = YES;
				CLANG_WARN_INFINITE_RECURSION = YES;
				CLANG_WARN_INT_CONVERSION = YES;
				CLANG_WARN_NON_LITERAL_NULL_CONVERSION = YES;
				CLANG_WARN_OBJC_IMPLICIT_RETAIN_SELF = YES;
				CLANG_WARN_OBJC_LITERAL_CONVERSION = YES;
				CLANG_WARN_OBJC_ROOT_CLASS = YES_ERROR;
				CLANG_WARN_RANGE_LOOP_ANALYSIS = YES;
				CLANG_WARN_STRICT_PROTOTYPES = YES;
				CLANG_WARN_SUSPICIOUS_MOVE = YES;
				CLANG_WARN_UNGUARDED_AVAILABILITY = YES_AGGRESSIVE;
				CLANG_WARN_UNREACHABLE_CODE = YES;
				CLANG_WARN__DUPLICATE_METHOD_MATCH = YES;
				COPY_PHASE_STRIP = NO;
				DEBUG_INFORMATION_FORMAT = dwarf;
				ENABLE_STRICT_OBJC_MSGSEND = YES;
				ENABLE_TESTABILITY = YES;
				GCC_C_LANGUAGE_STANDARD = gnu11;
				GCC_DYNAMIC_NO_PIC = NO;
				GCC_NO_COMMON_BLOCKS = YES;
				GCC_OPTIMIZATION_LEVEL = 0;
				GCC_PREPROCESSOR_DEFINITIONS = (
					"DEBUG=1",
					"$(inherited)",
				);
				GCC_WARN_64_TO_32_BIT_CONVERSION = YES;
				GCC_WARN_ABOUT_RETURN_TYPE = YES_ERROR;
				GCC_WARN_UNDECLARED_SELECTOR = YES;
				GCC_WARN_UNINITIALIZED_AUTOS = YES_AGGRESSIVE;
				GCC_WARN_UNUSED_FUNCTION = YES;
				GCC_WARN_UNUSED_VARIABLE = YES;
				IPHONEOS_DEPLOYMENT_TARGET = 13.2;
				MTL_ENABLE_DEBUG_INFO = INCLUDE_SOURCE;
				MTL_FAST_MATH = YES;
				ONLY_ACTIVE_ARCH = YES;
				SDKROOT = iphoneos;
			};
			name = Debug;
		};
		193628BE238CCB3300D5C403 /* Release */ = {
			isa = XCBuildConfiguration;
			buildSettings = {
				ALWAYS_SEARCH_USER_PATHS = NO;
				CLANG_ANALYZER_NONNULL = YES;
				CLANG_ANALYZER_NUMBER_OBJECT_CONVERSION = YES_AGGRESSIVE;
				CLANG_CXX_LANGUAGE_STANDARD = "gnu++14";
				CLANG_CXX_LIBRARY = "libc++";
				CLANG_ENABLE_MODULES = YES;
				CLANG_ENABLE_OBJC_ARC = YES;
				CLANG_ENABLE_OBJC_WEAK = YES;
				CLANG_WARN_BLOCK_CAPTURE_AUTORELEASING = YES;
				CLANG_WARN_BOOL_CONVERSION = YES;
				CLANG_WARN_COMMA = YES;
				CLANG_WARN_CONSTANT_CONVERSION = YES;
				CLANG_WARN_DEPRECATED_OBJC_IMPLEMENTATIONS = YES;
				CLANG_WARN_DIRECT_OBJC_ISA_USAGE = YES_ERROR;
				CLANG_WARN_DOCUMENTATION_COMMENTS = YES;
				CLANG_WARN_EMPTY_BODY = YES;
				CLANG_WARN_ENUM_CONVERSION = YES;
				CLANG_WARN_INFINITE_RECURSION = YES;
				CLANG_WARN_INT_CONVERSION = YES;
				CLANG_WARN_NON_LITERAL_NULL_CONVERSION = YES;
				CLANG_WARN_OBJC_IMPLICIT_RETAIN_SELF = YES;
				CLANG_WARN_OBJC_LITERAL_CONVERSION = YES;
				CLANG_WARN_OBJC_ROOT_CLASS = YES_ERROR;
				CLANG_WARN_RANGE_LOOP_ANALYSIS = YES;
				CLANG_WARN_STRICT_PROTOTYPES = YES;
				CLANG_WARN_SUSPICIOUS_MOVE = YES;
				CLANG_WARN_UNGUARDED_AVAILABILITY = YES_AGGRESSIVE;
				CLANG_WARN_UNREACHABLE_CODE = YES;
				CLANG_WARN__DUPLICATE_METHOD_MATCH = YES;
				COPY_PHASE_STRIP = NO;
				DEBUG_INFORMATION_FORMAT = "dwarf-with-dsym";
				ENABLE_NS_ASSERTIONS = NO;
				ENABLE_STRICT_OBJC_MSGSEND = YES;
				GCC_C_LANGUAGE_STANDARD = gnu11;
				GCC_NO_COMMON_BLOCKS = YES;
				GCC_WARN_64_TO_32_BIT_CONVERSION = YES;
				GCC_WARN_ABOUT_RETURN_TYPE = YES_ERROR;
				GCC_WARN_UNDECLARED_SELECTOR = YES;
				GCC_WARN_UNINITIALIZED_AUTOS = YES_AGGRESSIVE;
				GCC_WARN_UNUSED_FUNCTION = YES;
				GCC_WARN_UNUSED_VARIABLE = YES;
				IPHONEOS_DEPLOYMENT_TARGET = 13.2;
				MTL_ENABLE_DEBUG_INFO = NO;
				MTL_FAST_MATH = YES;
				SDKROOT = iphoneos;
				VALIDATE_PRODUCT = YES;
			};
			name = Release;
		};
		193628C0238CCB3300D5C403 /* Debug */ = {
			isa = XCBuildConfiguration;
			buildSettings = {
				ASSETCATALOG_COMPILER_APPICON_NAME = AppIcon;
				CODE_SIGN_STYLE = Automatic;
				GCC_INCREASE_PRECOMPILED_HEADER_SHARING = NO;
				GCC_PRECOMPILE_PREFIX_HEADER = YES;
				GCC_PREFIX_HEADER = "OpenGL ES2.0应用实践iOS/PrefixHeader.pch";
				INFOPLIST_FILE = "OpenGL ES2.0应用实践iOS/Info.plist";
				IPHONEOS_DEPLOYMENT_TARGET = 10.0;
				LD_RUNPATH_SEARCH_PATHS = (
					"$(inherited)",
					"@executable_path/Frameworks",
				);
				PRODUCT_BUNDLE_IDENTIFIER = "com.fcf.MoyaTest.OpenGL-ES2-0----iOS";
				PRODUCT_NAME = "$(TARGET_NAME)";
				TARGETED_DEVICE_FAMILY = "1,2";
			};
			name = Debug;
		};
		193628C1238CCB3300D5C403 /* Release */ = {
			isa = XCBuildConfiguration;
			buildSettings = {
				ASSETCATALOG_COMPILER_APPICON_NAME = AppIcon;
				CODE_SIGN_STYLE = Automatic;
				GCC_INCREASE_PRECOMPILED_HEADER_SHARING = NO;
				GCC_PRECOMPILE_PREFIX_HEADER = YES;
				GCC_PREFIX_HEADER = "OpenGL ES2.0应用实践iOS/PrefixHeader.pch";
				INFOPLIST_FILE = "OpenGL ES2.0应用实践iOS/Info.plist";
				IPHONEOS_DEPLOYMENT_TARGET = 10.0;
				LD_RUNPATH_SEARCH_PATHS = (
					"$(inherited)",
					"@executable_path/Frameworks",
				);
				PRODUCT_BUNDLE_IDENTIFIER = "com.fcf.MoyaTest.OpenGL-ES2-0----iOS";
				PRODUCT_NAME = "$(TARGET_NAME)";
				TARGETED_DEVICE_FAMILY = "1,2";
			};
			name = Release;
		};
/* End XCBuildConfiguration section */

/* Begin XCConfigurationList section */
		193628A1238CCB3200D5C403 /* Build configuration list for PBXProject "OpenGL ES2.0应用实践iOS" */ = {
			isa = XCConfigurationList;
			buildConfigurations = (
				193628BD238CCB3300D5C403 /* Debug */,
				193628BE238CCB3300D5C403 /* Release */,
			);
			defaultConfigurationIsVisible = 0;
			defaultConfigurationName = Release;
		};
		193628BF238CCB3300D5C403 /* Build configuration list for PBXNativeTarget "OpenGL ES2.0应用实践iOS" */ = {
			isa = XCConfigurationList;
			buildConfigurations = (
				193628C0238CCB3300D5C403 /* Debug */,
				193628C1238CCB3300D5C403 /* Release */,
			);
			defaultConfigurationIsVisible = 0;
			defaultConfigurationName = Release;
		};
/* End XCConfigurationList section */
	};
	rootObject = 1936289E238CCB3200D5C403 /* Project object */;
}
